<?xml version="1.0" encoding="utf-8"?>
<Project ToolsVersion="4.0" xmlns="http://schemas.microsoft.com/developer/msbuild/2003">
  <ItemGroup>
    <Filter Include="Source Files">
      <UniqueIdentifier>{4FC737F1-C7A5-4376-A066-2A32D752A2FF}</UniqueIdentifier>
      <Extensions>cpp;c;cc;cxx;def;odl;idl;hpj;bat;asm;asmx</Extensions>
    </Filter>
    <Filter Include="Header Files">
      <UniqueIdentifier>{93995380-89BD-4b04-88EB-625FBE52EBFB}</UniqueIdentifier>
      <Extensions>h;hh;hpp;hxx;hm;inl;inc;ipp;xsd</Extensions>
    </Filter>
    <Filter Include="Resource Files">
      <UniqueIdentifier>{67DA6AB6-F800-4c08-8B7A-83BB121AAD01}</UniqueIdentifier>
      <Extensions>rc;ico;cur;bmp;dlg;rc2;rct;bin;rgs;gif;jpg;jpeg;jpe;resx;tiff;tif;png;wav;mfcribbon-ms</Extensions>
    </Filter>
  </ItemGroup>
  <ItemGroup>
    <ClInclude Include="AddOnDecorator.h">
      <Filter>Header Files</Filter>
    </ClInclude>
    <ClInclude Include="Beverage.h">
      <Filter>Header Files</Filter>
    </ClInclude>
    <ClInclude Include="CaramelDecorator.h">
      <Filter>Header Files</Filter>
    </ClInclude>
    <ClInclude Include="CreamDecorator.h">
      <Filter>Header Files</Filter>
    </ClInclude>
    <ClInclude Include="DecafCoffee.h">
      <Filter>Header Files</Filter>
    </ClInclude>
    <ClInclude Include="Espresso.h">
      <Filter>Header Files</Filter>
    </ClInclude>
    <ClInclude Include="MochaDecorator.h">
      <Filter>Header Files</Filter>
    </ClInclude>
    <ClInclude Include="RegularCoffee.h">
      <Filter>Header Files</Filter>
    </ClInclude>
    <ClInclude Include="SugarDecorator.h">
      <Filter>Header Files</Filter>
    </ClInclude>
  </ItemGroup>
  <ItemGroup>
    <ClCompile Include="AddOnDecorator.cpp">
      <Filter>Source Files</Filter>
    </ClCompile>
    <ClCompile Include="Beverage.cpp">
      <Filter>Source Files</Filter>
    </ClCompile>
    <ClCompile Include="CaramelDecorator.cpp">
      <Filter>Source Files</Filter>
    </ClCompile>
    <ClCompile Include="CreamDecorator.cpp">
      <Filter>Source Files</Filter>
    </ClCompile>
    <ClCompile Include="DecafCoffee.cpp">
      <Filter>Source Files</Filter>
    </ClCompile>
    <ClCompile Include="Decorator.Pattern.Source.cpp">
      <Filter>Source Files</Filter>
    </ClCompile>
    <ClCompile Include="Espresso.cpp">
      <Filter>Source Files</Filter>
    </ClCompile>
    <ClCompile Include="MochaDecorator.cpp">
      <Filter>Source Files</Filter>
    </ClCompile>
    <ClCompile Include="RegularCoffee.cpp">
      <Filter>Source Files</Filter>
    </ClCompile>
    <ClCompile Include="SugarDecorator.cpp">
      <Filter>Source Files</Filter>
    </ClCompile>
  </ItemGroup>
</Project>